
Microsoft Visual Studio Solution File, Format Version 12.00
# Visual Studio Version 16
VisualStudioVersion = 16.0.31105.61
MinimumVisualStudioVersion = 10.0.40219.1
Project("{9A19103F-16F7-4668-BE54-9A1E7A4F7556}") = "ProjectOne", "ProjectOne.csproj", "{CEC833C7-88B7-4B6B-A99F-0D54611F7173}"
EndProject
Global
	GlobalSection(SolutionConfigurationPlatforms) = preSolution
		Debug|Any CPU = Debug|Any CPU
		Release|Any CPU = Release|Any CPU
	EndGlobalSection
	GlobalSection(ProjectConfigurationPlatforms) = postSolution
		{CEC833C7-88B7-4B6B-A99F-0D54611F7173}.Debug|Any CPU.ActiveCfg = Debug|Any CPU
		{CEC833C7-88B7-4B6B-A99F-0D54611F7173}.Debug|Any CPU.Build.0 = Debug|Any CPU
		{CEC833C7-88B7-4B6B-A99F-0D54611F7173}.Release|Any CPU.ActiveCfg = Release|Any CPU
		{CEC833C7-88B7-4B6B-A99F-0D54611F7173}.Release|Any CPU.Build.0 = Release|Any CPU
	EndGlobalSection
	GlobalSection(SolutionProperties) = preSolution
		HideSolutionNode = FALSE
	EndGlobalSection
	GlobalSection(ExtensibilityGlobals) = postSolution
		SolutionGuid = {A2812064-BDEA-44EB-B95C-2A1EFA7FFB96}
	EndGlobalSection
EndGlobal
